github.com/Masterminds/semver/v3 v3.2.1 h1:RN9w6+7QoMeJVGyfmbcgs28Br8cvmnucEXnY0rYXWg0=
github.com/Masterminds/semver/v3 v3.2.1/go.mod h1:qvl/7zhW3nngYb5+80sSMF+FG2BjYrf8m9wsX0PNOMQ=
github.com/aws/constructs-go/constructs/v10 v10.1.167 h1:9qy6KEHleT8/4UDSTspRRd82h+MKDxcCqwEG3R23Tyo=
github.com/aws/constructs-go/constructs/v10 v10.1.167/go.mod h1:UXHdJzEYgQPF75bdwT+sWUqMKhXQgW/65MIxFI/ulmE=
github.com/aws/constructs-go/constructs/v10 v10.3.0/go.mod h1:GgzwIwoRJ2UYsr3SU+JhAl+gq5j39bEMYf8ev3J+s9s=
github.com/aws/jsii-runtime-go v1.93.0 h1:QIFUKmsU0NpYZPhP24WSFn74PWlUKgJV6eQIe5/BfBU=
github.com/aws/jsii-runtime-go v1.93.0/go.mod h1:D7yFSwtXpTMqVB3c5IHQ1Z42p+pgkTkU7FqKBll33Sk=
github.com/aws/jsii-runtime-go v1.94.0/go.mod h1:tQOz8aAMzM2XsRUDsnUgPvGcHNAzR/xtH0OgeM0lTWo=
github.com/cdktf/cdktf-provider-cloudflare-go/cloudflare/v11 v11.0.0 h1:HmH5d1nSjDxKMvCeO8cMH4oktKNwvAIwKj2ZTeNWt7c=
github.com/cdktf/cdktf-provider-cloudflare-go/cloudflare/v11 v11.0.0/go.mod h1:XCMcFdqTClcTDXOAkuRq2Q847GQ1obDM1bN1fwuExTA=
github.com/cdktf/cdktf-provider-google-go/google/v13 v13.1.0 h1:GKwrn0nb4YBCWzTlgFGSo886lY13hC7YMCSB1ZECeQE=
github.com/cdktf/cdktf-provider-google-go/google/v13 v13.1.0/go.mod h1:v7yKJKtrWEp/KKvpGN7JhYcTOVsLoaBeYTB942yOiIA=
github.com/cdktf/cdktf-provider-random-go/random/v11 v11.0.0 h1:b+cNYazGyYJt9AfeHjSOuqH8DR4W2Xmihq6I7U8Bd9I=
github.com/cdktf/cdktf-provider-random-go/random/v11 v11.0.0/go.mod h1:Hsh+t4sTu396Z+01RgQwI4Azv2EIU4f9QYOPV6EeIWY=
github.com/davecgh/go-spew v1.1.1/go.mod h1:J7Y8YcW2NihsgmVo/mv3lAwl/skON4iLHjSsI+c5H38=
github.com/hashicorp/terraform-cdk-go/cdktf v0.20.1 h1:8AUFajWAaSJCoPeD8/5cvx7von66x90/sVQYkjmSOB4=
github.com/hashicorp/terraform-cdk-go/cdktf v0.20.1/go.mod h1:sX1VHO+9NS41G7n2LbtvigD2urVG7c+xqPLil3oX+sc=
github.com/pmezard/go-difflib v1.0.0/go.mod h1:iKH77koFhYxTK1pcRnkKkqfTogsbg7gZNVY4sRDYZ/4=
github.com/yuin/goldmark v1.4.13/go.mod h1:6yULJ656Px+3vBD8DxQVa3kxgyrAnzto9xy5taEt/CY=
golang.org/x/lint v0.0.0-20210508222113-6edffad5e616/go.mod h1:3xt1FjdF8hUf6vQPIChWIBhFzV8gjjsPE/fR3IyQdNY=
gopkg.in/yaml.v3 v3.0.1/go.mod h1:K4uyk7z7BCEPqu6E+C64Yfv1cQ7kz7rIZviUmN+EgEM=
